// !$*UTF8*$!
{
	archiveVersion = 1;
	classes = {
	};
	objectVersion = 48;
	objects = {

/* Begin PBXBuildFile section */
		F937862820AC2BBE008E10FC /* AppDelegate.swift in Sources */ = {isa = PBXBuildFile; fileRef = F937862720AC2BBE008E10FC /* AppDelegate.swift */; };
		F937862A20AC2BBE008E10FC /* ViewController.swift in Sources */ = {isa = PBXBuildFile; fileRef = F937862920AC2BBE008E10FC /* ViewController.swift */; };
		F937862D20AC2BBE008E10FC /* Main.storyboard in Resources */ = {isa = PBXBuildFile; fileRef = F937862B20AC2BBE008E10FC /* Main.storyboard */; };
		F937862F20AC2BBE008E10FC /* Assets.xcassets in Resources */ = {isa = PBXBuildFile; fileRef = F937862E20AC2BBE008E10FC /* Assets.xcassets */; };
		F937863220AC2BBE008E10FC /* LaunchScreen.storyboard in Resources */ = {isa = PBXBuildFile; fileRef = F937863020AC2BBE008E10FC /* LaunchScreen.storyboard */; };
		F937863A20AC2BE8008E10FC /* Data.swift in Sources */ = {isa = PBXBuildFile; fileRef = F937863920AC2BE8008E10FC /* Data.swift */; };
		F937863C20AC35C7008E10FC /* Extensions.swift in Sources */ = {isa = PBXBuildFile; fileRef = F937863B20AC35C7008E10FC /* Extensions.swift */; };
		F937863E20AC5BEF008E10FC /* Cells.swift in Sources */ = {isa = PBXBuildFile; fileRef = F937863D20AC5BEF008E10FC /* Cells.swift */; };
/* End PBXBuildFile section */

/* Begin PBXFileReference section */
		F937862420AC2BBE008E10FC /* MaterialStepper.app */ = {isa = PBXFileReference; explicitFileType = wrapper.application; includeInIndex = 0; path = MaterialStepper.app; sourceTree = BUILT_PRODUCTS_DIR; };
		F937862720AC2BBE008E10FC /* AppDelegate.swift */ = {isa = PBXFileReference; lastKnownFileType = sourcecode.swift; path = AppDelegate.swift; sourceTree = "<group>"; };
		F937862920AC2BBE008E10FC /* ViewController.swift */ = {isa = PBXFileReference; lastKnownFileType = sourcecode.swift; path = ViewController.swift; sourceTree = "<group>"; };
		F937862C20AC2BBE008E10FC /* Base */ = {isa = PBXFileReference; lastKnownFileType = file.storyboard; name = Base; path = Base.lproj/Main.storyboard; sourceTree = "<group>"; };
		F937862E20AC2BBE008E10FC /* Assets.xcassets */ = {isa = PBXFileReference; lastKnownFileType = folder.assetcatalog; path = Assets.xcassets; sourceTree = "<group>"; };
		F937863120AC2BBE008E10FC /* Base */ = {isa = PBXFileReference; lastKnownFileType = file.storyboard; name = Base; path = Base.lproj/LaunchScreen.storyboard; sourceTree = "<group>"; };
		F937863320AC2BBE008E10FC /* Info.plist */ = {isa = PBXFileReference; lastKnownFileType = text.plist.xml; path = Info.plist; sourceTree = "<group>"; };
		F937863920AC2BE8008E10FC /* Data.swift */ = {isa = PBXFileReference; lastKnownFileType = sourcecode.swift; path = Data.swift; sourceTree = "<group>"; };
		F937863B20AC35C7008E10FC /* Extensions.swift */ = {isa = PBXFileReference; lastKnownFileType = sourcecode.swift; path = Extensions.swift; sourceTree = "<group>"; };
		F937863D20AC5BEF008E10FC /* Cells.swift */ = {isa = PBXFileReference; lastKnownFileType = sourcecode.swift; path = Cells.swift; sourceTree = "<group>"; };
/* End PBXFileReference section */

/* Begin PBXFrameworksBuildPhase section */
		F937862120AC2BBE008E10FC /* Frameworks */ = {
			isa = PBXFrameworksBuildPhase;
			buildActionMask = 2147483647;
			files = (
			);
			runOnlyForDeploymentPostprocessing = 0;
		};
/* End PBXFrameworksBuildPhase section */

/* Begin PBXGroup section */
		F937861B20AC2BBE008E10FC = {
			isa = PBXGroup;
			children = (
				F937862620AC2BBE008E10FC /* MaterialStepper */,
				F937862520AC2BBE008E10FC /* Products */,
			);
			sourceTree = "<group>";
		};
		F937862520AC2BBE008E10FC /* Products */ = {
			isa = PBXGroup;
			children = (
				F937862420AC2BBE008E10FC /* MaterialStepper.app */,
			);
			name = Products;
			sourceTree = "<group>";
		};
		F937862620AC2BBE008E10FC /* MaterialStepper */ = {
			isa = PBXGroup;
			children = (
				F937862720AC2BBE008E10FC /* AppDelegate.swift */,
				F937862920AC2BBE008E10FC /* ViewController.swift */,
				F937863B20AC35C7008E10FC /* Extensions.swift */,
				F937863920AC2BE8008E10FC /* Data.swift */,
				F937863D20AC5BEF008E10FC /* Cells.swift */,
				F937862B20AC2BBE008E10FC /* Main.storyboard */,
				F937862E20AC2BBE008E10FC /* Assets.xcassets */,
				F937863020AC2BBE008E10FC /* LaunchScreen.storyboard */,
				F937863320AC2BBE008E10FC /* Info.plist */,
			);
			path = MaterialStepper;
			sourceTree = "<group>";
		};
/* End PBXGroup section */

/* Begin PBXNativeTarget section */
		F937862320AC2BBE008E10FC /* MaterialStepper */ = {
			isa = PBXNativeTarget;
			buildConfigurationList = F937863620AC2BBE008E10FC /* Build configuration list for PBXNativeTarget "MaterialStepper" */;
			buildPhases = (
				F937862020AC2BBE008E10FC /* Sources */,
				F937862120AC2BBE008E10FC /* Frameworks */,
				F937862220AC2BBE008E10FC /* Resources */,
			);
			buildRules = (
			);
			dependencies = (
			);
			name = MaterialStepper;
			productName = MaterialStepper;
			productReference = F937862420AC2BBE008E10FC /* MaterialStepper.app */;
			productType = "com.apple.product-type.application";
		};
/* End PBXNativeTarget section */

/* Begin PBXProject section */
		F937861C20AC2BBE008E10FC /* Project object */ = {
			isa = PBXProject;
			attributes = {
				LastSwiftUpdateCheck = 0920;
				LastUpgradeCheck = 0920;
				ORGANIZATIONNAME = juliensimmer;
				TargetAttributes = {
					F937862320AC2BBE008E10FC = {
						CreatedOnToolsVersion = 9.2;
						ProvisioningStyle = Automatic;
					};
				};
			};
			buildConfigurationList = F937861F20AC2BBE008E10FC /* Build configuration list for PBXProject "MaterialStepper" */;
			compatibilityVersion = "Xcode 8.0";
			developmentRegion = en;
			hasScannedForEncodings = 0;
			knownRegions = (
				en,
				Base,
			);
			mainGroup = F937861B20AC2BBE008E10FC;
			productRefGroup = F937862520AC2BBE008E10FC /* Products */;
			projectDirPath = "";
			projectRoot = "";
			targets = (
				F937862320AC2BBE008E10FC /* MaterialStepper */,
			);
		};
/* End PBXProject section */

/* Begin PBXResourcesBuildPhase section */
		F937862220AC2BBE008E10FC /* Resources */ = {
			isa = PBXResourcesBuildPhase;
			buildActionMask = 2147483647;
			files = (
				F937863220AC2BBE008E10FC /* LaunchScreen.storyboard in Resources */,
				F937862F20AC2BBE008E10FC /* Assets.xcassets in Resources */,
				F937862D20AC2BBE008E10FC /* Main.storyboard in Resources */,
			);
			runOnlyForDeploymentPostprocessing = 0;
		};
/* End PBXResourcesBuildPhase section */

/* Begin PBXSourcesBuildPhase section */
		F937862020AC2BBE008E10FC /* Sources */ = {
			isa = PBXSourcesBuildPhase;
			buildActionMask = 2147483647;
			files = (
				F937862A20AC2BBE008E10FC /* ViewController.swift in Sources */,
				F937863E20AC5BEF008E10FC /* Cells.swift in Sources */,
				F937863A20AC2BE8008E10FC /* Data.swift in Sources */,
				F937862820AC2BBE008E10FC /* AppDelegate.swift in Sources */,
				F937863C20AC35C7008E10FC /* Extensions.swift in Sources */,
			);
			runOnlyForDeploymentPostprocessing = 0;
		};
/* End PBXSourcesBuildPhase section */

/* Begin PBXVariantGroup section */
		F937862B20AC2BBE008E10FC /* Main.storyboard */ = {
			isa = PBXVariantGroup;
			children = (
				F937862C20AC2BBE008E10FC /* Base */,
			);
			name = Main.storyboard;
			sourceTree = "<group>";
		};
		F937863020AC2BBE008E10FC /* LaunchScreen.storyboard */ = {
			isa = PBXVariantGroup;
			children = (
				F937863120AC2BBE008E10FC /* Base */,
			);
			name = LaunchScreen.storyboard;
			sourceTree = "<group>";
		};
/* End PBXVariantGroup section */

/* Begin XCBuildConfiguration section */
		F937863420AC2BBE008E10FC /* Debug */ = {
			isa = XCBuildConfiguration;
			buildSettings = {
				ALWAYS_SEARCH_USER_PATHS = NO;
				CLANG_ANALYZER_NONNULL = YES;
				CLANG_ANALYZER_NUMBER_OBJECT_CONVERSION = YES_AGGRESSIVE;
				CLANG_CXX_LANGUAGE_STANDARD = "gnu++14";
				CLANG_CXX_LIBRARY = "libc++";
				CLANG_ENABLE_MODULES = YES;
				CLANG_ENABLE_OBJC_ARC = YES;
				CLANG_WARN_BLOCK_CAPTURE_AUTORELEASING = YES;
				CLANG_WARN_BOOL_CONVERSION = YES;
				CLANG_WARN_COMMA = YES;
				CLANG_WARN_CONSTANT_CONVERSION = YES;
				CLANG_WARN_DIRECT_OBJC_ISA_USAGE = YES_ERROR;
				CLANG_WARN_DOCUMENTATION_COMMENTS = YES;
				CLANG_WARN_EMPTY_BODY = YES;
				CLANG_WARN_ENUM_CONVERSION = YES;
				CLANG_WARN_INFINITE_RECURSION = YES;
				CLANG_WARN_INT_CONVERSION = YES;
				CLANG_WARN_NON_LITERAL_NULL_CONVERSION = YES;
				CLANG_WARN_OBJC_LITERAL_CONVERSION = YES;
				CLANG_WARN_OBJC_ROOT_CLASS = YES_ERROR;
				CLANG_WARN_RANGE_LOOP_ANALYSIS = YES;
				CLANG_WARN_STRICT_PROTOTYPES = YES;
				CLANG_WARN_SUSPICIOUS_MOVE = YES;
				CLANG_WARN_UNGUARDED_AVAILABILITY = YES_AGGRESSIVE;
				CLANG_WARN_UNREACHABLE_CODE = YES;
				CLANG_WARN__DUPLICATE_METHOD_MATCH = YES;
				CODE_SIGN_IDENTITY = "iPhone Developer";
				COPY_PHASE_STRIP = NO;
				DEBUG_INFORMATION_FORMAT = dwarf;
				ENABLE_STRICT_OBJC_MSGSEND = YES;
				ENABLE_TESTABILITY = YES;
				GCC_C_LANGUAGE_STANDARD = gnu11;
				GCC_DYNAMIC_NO_PIC = NO;
				GCC_NO_COMMON_BLOCKS = YES;
				GCC_OPTIMIZATION_LEVEL = 0;
				GCC_PREPROCESSOR_DEFINITIONS = (
					"DEBUG=1",
					"$(inherited)",
				);
				GCC_WARN_64_TO_32_BIT_CONVERSION = YES;
				GCC_WARN_ABOUT_RETURN_TYPE = YES_ERROR;
				GCC_WARN_UNDECLARED_SELECTOR = YES;
				GCC_WARN_UNINITIALIZED_AUTOS = YES_AGGRESSIVE;
				GCC_WARN_UNUSED_FUNCTION = YES;
				GCC_WARN_UNUSED_VARIABLE = YES;
				IPHONEOS_DEPLOYMENT_TARGET = 11.2;
				MTL_ENABLE_DEBUG_INFO = YES;
				ONLY_ACTIVE_ARCH = YES;
				SDKROOT = iphoneos;
				SWIFT_ACTIVE_COMPILATION_CONDITIONS = DEBUG;
				SWIFT_OPTIMIZATION_LEVEL = "-Onone";
			};
			name = Debug;
		};
		F937863520AC2BBE008E10FC /* Release */ = {
			isa = XCBuildConfiguration;
			buildSettings = {
				ALWAYS_SEARCH_USER_PATHS = NO;
				CLANG_ANALYZER_NONNULL = YES;
				CLANG_ANALYZER_NUMBER_OBJECT_CONVERSION = YES_AGGRESSIVE;
				CLANG_CXX_LANGUAGE_STANDARD = "gnu++14";
				CLANG_CXX_LIBRARY = "libc++";
				CLANG_ENABLE_MODULES = YES;
				CLANG_ENABLE_OBJC_ARC = YES;
				CLANG_WARN_BLOCK_CAPTURE_AUTORELEASING = YES;
				CLANG_WARN_BOOL_CONVERSION = YES;
				CLANG_WARN_COMMA = YES;
				CLANG_WARN_CONSTANT_CONVERSION = YES;
				CLANG_WARN_DIRECT_OBJC_ISA_USAGE = YES_ERROR;
				CLANG_WARN_DOCUMENTATION_COMMENTS = YES;
				CLANG_WARN_EMPTY_BODY = YES;
				CLANG_WARN_ENUM_CONVERSION = YES;
				CLANG_WARN_INFINITE_RECURSION = YES;
				CLANG_WARN_INT_CONVERSION = YES;
				CLANG_WARN_NON_LITERAL_NULL_CONVERSION = YES;
				CLANG_WARN_OBJC_LITERAL_CONVERSION = YES;
				CLANG_WARN_OBJC_ROOT_CLASS = YES_ERROR;
				CLANG_WARN_RANGE_LOOP_ANALYSIS = YES;
				CLANG_WARN_STRICT_PROTOTYPES = YES;
				CLANG_WARN_SUSPICIOUS_MOVE = YES;
				CLANG_WARN_UNGUARDED_AVAILABILITY = YES_AGGRESSIVE;
				CLANG_WARN_UNREACHABLE_CODE = YES;
				CLANG_WARN__DUPLICATE_METHOD_MATCH = YES;
				CODE_SIGN_IDENTITY = "iPhone Developer";
				COPY_PHASE_STRIP = NO;
				DEBUG_INFORMATION_FORMAT = "dwarf-with-dsym";
				ENABLE_NS_ASSERTIONS = NO;
				ENABLE_STRICT_OBJC_MSGSEND = YES;
				GCC_C_LANGUAGE_STANDARD = gnu11;
				GCC_NO_COMMON_BLOCKS = YES;
				GCC_WARN_64_TO_32_BIT_CONVERSION = YES;
				GCC_WARN_ABOUT_RETURN_TYPE = YES_ERROR;
				GCC_WARN_UNDECLARED_SELECTOR = YES;
				GCC_WARN_UNINITIALIZED_AUTOS = YES_AGGRESSIVE;
				GCC_WARN_UNUSED_FUNCTION = YES;
				GCC_WARN_UNUSED_VARIABLE = YES;
				IPHONEOS_DEPLOYMENT_TARGET = 11.2;
				MTL_ENABLE_DEBUG_INFO = NO;
				SDKROOT = iphoneos;
				SWIFT_OPTIMIZATION_LEVEL = "-Owholemodule";
				VALIDATE_PRODUCT = YES;
			};
			name = Release;
		};
		F937863720AC2BBE008E10FC /* Debug */ = {
			isa = XCBuildConfiguration;
			buildSettings = {
				ASSETCATALOG_COMPILER_APPICON_NAME = AppIcon;
				CODE_SIGN_STYLE = Automatic;
				DEVELOPMENT_TEAM = HG59ADEDV2;
				INFOPLIST_FILE = MaterialStepper/Info.plist;
				LD_RUNPATH_SEARCH_PATHS = "$(inherited) @executable_path/Frameworks";
				PRODUCT_BUNDLE_IDENTIFIER = com.juliensimmer.MaterialStepper;
				PRODUCT_NAME = "$(TARGET_NAME)";
				SWIFT_VERSION = 4.0;
				TARGETED_DEVICE_FAMILY = "1,2";
			};
			name = Debug;
		};
		F937863820AC2BBE008E10FC /* Release */ = {
			isa = XCBuildConfiguration;
			buildSettings = {
				ASSETCATALOG_COMPILER_APPICON_NAME = AppIcon;
				CODE_SIGN_STYLE = Automatic;
				DEVELOPMENT_TEAM = HG59ADEDV2;
				INFOPLIST_FILE = MaterialStepper/Info.plist;
				LD_RUNPATH_SEARCH_PATHS = "$(inherited) @executable_path/Frameworks";
				PRODUCT_BUNDLE_IDENTIFIER = com.juliensimmer.MaterialStepper;
				PRODUCT_NAME = "$(TARGET_NAME)";
				SWIFT_VERSION = 4.0;
				TARGETED_DEVICE_FAMILY = "1,2";
			};
			name = Release;
		};
/* End XCBuildConfiguration section */

/* Begin XCConfigurationList section */
		F937861F20AC2BBE008E10FC /* Build configuration list for PBXProject "MaterialStepper" */ = {
			isa = XCConfigurationList;
			buildConfigurations = (
				F937863420AC2BBE008E10FC /* Debug */,
				F937863520AC2BBE008E10FC /* Release */,
			);
			defaultConfigurationIsVisible = 0;
			defaultConfigurationName = Release;
		};
		F937863620AC2BBE008E10FC /* Build configuration list for PBXNativeTarget "MaterialStepper" */ = {
			isa = XCConfigurationList;
			buildConfigurations = (
				F937863720AC2BBE008E10FC /* Debug */,
				F937863820AC2BBE008E10FC /* Release */,
			);
			defaultConfigurationIsVisible = 0;
			defaultConfigurationName = Release;
		};
/* End XCConfigurationList section */
	};
	rootObject = F937861C20AC2BBE008E10FC /* Project object */;
}
